
Microsoft Visual Studio Solution File, Format Version 12.00
# Visual Studio Version 17
VisualStudioVersion = 17.13.35825.156
MinimumVisualStudioVersion = 10.0.40219.1
Project("{FAE04EC0-301F-11D3-BF4B-00C04F79EFBC}") = "CustomerWebApp", "CustomerWebApp\CustomerWebApp.csproj", "{B1D0FCD3-509E-4B60-9837-BA0AD45A12DC}"
EndProject
Global
	GlobalSection(SolutionConfigurationPlatforms) = preSolution
		Debug|Any CPU = Debug|Any CPU
		Release|Any CPU = Release|Any CPU
	EndGlobalSection
	GlobalSection(ProjectConfigurationPlatforms) = postSolution
		{B1D0FCD3-509E-4B60-9837-BA0AD45A12DC}.Debug|Any CPU.ActiveCfg = Debug|Any CPU
		{B1D0FCD3-509E-4B60-9837-BA0AD45A12DC}.Debug|Any CPU.Build.0 = Debug|Any CPU
		{B1D0FCD3-509E-4B60-9837-BA0AD45A12DC}.Release|Any CPU.ActiveCfg = Release|Any CPU
		{B1D0FCD3-509E-4B60-9837-BA0AD45A12DC}.Release|Any CPU.Build.0 = Release|Any CPU
	EndGlobalSection
	GlobalSection(SolutionProperties) = preSolution
		HideSolutionNode = FALSE
	EndGlobalSection
	GlobalSection(ExtensibilityGlobals) = postSolution
		SolutionGuid = {C4220863-2311-478D-900A-2EFF3CF09562}
	EndGlobalSection
EndGlobal
